<Project xmlns="http://schemas.microsoft.com/developer/msbuild/2003">
    <PropertyGroup>
        <ProjectGuid>{78F0CE6D-AB18-4B7E-960A-E210ADC77862}</ProjectGuid>
        <MainSource>OneMaker_PDV.SAT.dpr</MainSource>
        <Base>True</Base>
        <Config Condition="'$(Config)'==''">Debug</Config>
        <TargetedPlatforms>1</TargetedPlatforms>
        <AppType>Application</AppType>
        <FrameworkType>VCL</FrameworkType>
        <ProjectVersion>18.3</ProjectVersion>
        <Platform Condition="'$(Platform)'==''">Win32</Platform>
    </PropertyGroup>
    <PropertyGroup Condition="'$(Config)'=='Base' or '$(Base)'!=''">
        <Base>true</Base>
    </PropertyGroup>
    <PropertyGroup Condition="('$(Platform)'=='Win32' and '$(Base)'=='true') or '$(Base_Win32)'!=''">
        <Base_Win32>true</Base_Win32>
        <CfgParent>Base</CfgParent>
        <Base>true</Base>
    </PropertyGroup>
    <PropertyGroup Condition="('$(Platform)'=='Win64' and '$(Base)'=='true') or '$(Base_Win64)'!=''">
        <Base_Win64>true</Base_Win64>
        <CfgParent>Base</CfgParent>
        <Base>true</Base>
    </PropertyGroup>
    <PropertyGroup Condition="'$(Config)'=='Release' or '$(Cfg_1)'!=''">
        <Cfg_1>true</Cfg_1>
        <CfgParent>Base</CfgParent>
        <Base>true</Base>
    </PropertyGroup>
    <PropertyGroup Condition="('$(Platform)'=='Win32' and '$(Cfg_1)'=='true') or '$(Cfg_1_Win32)'!=''">
        <Cfg_1_Win32>true</Cfg_1_Win32>
        <CfgParent>Cfg_1</CfgParent>
        <Cfg_1>true</Cfg_1>
        <Base>true</Base>
    </PropertyGroup>
    <PropertyGroup Condition="'$(Config)'=='Debug' or '$(Cfg_2)'!=''">
        <Cfg_2>true</Cfg_2>
        <CfgParent>Base</CfgParent>
        <Base>true</Base>
    </PropertyGroup>
    <PropertyGroup Condition="('$(Platform)'=='Win32' and '$(Cfg_2)'=='true') or '$(Cfg_2_Win32)'!=''">
        <Cfg_2_Win32>true</Cfg_2_Win32>
        <CfgParent>Cfg_2</CfgParent>
        <Cfg_2>true</Cfg_2>
        <Base>true</Base>
    </PropertyGroup>
    <PropertyGroup Condition="'$(Base)'!=''">
        <VerInfo_MinorVer>1</VerInfo_MinorVer>
        <DCC_S>false</DCC_S>
        <DCC_E>false</DCC_E>
        <DCC_UsePackage>vcl;rtl;vclx;indy;inet;xmlrtl;vclie;inetdbbde;inetdbxpress;dbrtl;dsnap;dsnapcon;vcldb;soaprtl;VclSmp;dbexpress;dbxcds;inetdb;bdertl;vcldbx;webdsnap;websnap;adortl;ibxpress;visualclx;visualdbclx;vclactnband;vclshlctrls;IntrawebDB_50_70;Intraweb_50_70;Rave50CLX;Rave50VCL;dclOfficeXP;RaizeComponentsVcl;RaizeComponentsVclDb;dxPack2D7;$(DCC_UsePackage)</DCC_UsePackage>
        <DCC_F>false</DCC_F>
        <VerInfo_IncludeVerInfo>true</VerInfo_IncludeVerInfo>
        <DCC_SymbolReferenceInfo>1</DCC_SymbolReferenceInfo>
        <VerInfo_Build>150</VerInfo_Build>
        <DCC_ImageBase>00400000</DCC_ImageBase>
        <DCC_MapFile>3</DCC_MapFile>
        <DCC_Namespace>Vcl;Vcl.Imaging;Vcl.Touch;Vcl.Samples;Vcl.Shell;System;Xml;Data;Datasnap;Web;Soap;Winapi;System.Win;Androidapi.JNI;$(DCC_Namespace)</DCC_Namespace>
        <VerInfo_MajorVer>7</VerInfo_MajorVer>
        <VerInfo_AutoGenVersion>true</VerInfo_AutoGenVersion>
        <DCC_ExeOutput>C:\Store_Protheus\PDV\</DCC_ExeOutput>
        <SanitizedProjectName>OneMaker_PDV_SAT</SanitizedProjectName>
        <DCC_N>true</DCC_N>
        <VerInfo_Locale>1046</VerInfo_Locale>
        <DCC_GARBAGE>false</DCC_GARBAGE>
        <DCC_UnitSearchPath>$(DELPHI)\Lib\Debug;C:\Desenvolvimento\BR Sistemas\FNTS_BRSistemas\brPDV;$(DCC_UnitSearchPath)</DCC_UnitSearchPath>
        <DCC_K>false</DCC_K>
        <VerInfo_Keys>CompanyName=;FileDescription=;FileVersion=7.1.0.150;InternalName=;LegalCopyright=;LegalTrademarks=;OriginalFilename=;ProductName=;ProductVersion=1.0.0.0;Comments=</VerInfo_Keys>
        <DCC_DebugInformation>1</DCC_DebugInformation>
    </PropertyGroup>
    <PropertyGroup Condition="'$(Base_Win32)'!=''">
        <VerInfo_Build>0</VerInfo_Build>
        <AppEnableRuntimeThemes>true</AppEnableRuntimeThemes>
        <VerInfo_Keys>CompanyName=;FileVersion=7.1.0.0;InternalName=;LegalCopyright=;LegalTrademarks=;OriginalFilename=;ProductVersion=1.0.0.0;Comments=;ProgramID=com.embarcadero.$(MSBuildProjectName);FileDescription=$(MSBuildProjectName);ProductName=$(MSBuildProjectName)</VerInfo_Keys>
        <DCC_Namespace>Data.Win;Datasnap.Win;Web.Win;Soap.Win;Xml.Win;Bde;$(DCC_Namespace)</DCC_Namespace>
        <Manifest_File>$(BDS)\bin\default_app.manifest</Manifest_File>
        <VerInfo_Locale>1033</VerInfo_Locale>
        <Icon_MainIcon>$(BDS)\bin\delphi_PROJECTICON.ico</Icon_MainIcon>
        <UWP_DelphiLogo44>$(BDS)\bin\Artwork\Windows\UWP\delphi_UwpDefault_44.png</UWP_DelphiLogo44>
        <UWP_DelphiLogo150>$(BDS)\bin\Artwork\Windows\UWP\delphi_UwpDefault_150.png</UWP_DelphiLogo150>
    </PropertyGroup>
    <PropertyGroup Condition="'$(Base_Win64)'!=''">
        <Icon_MainIcon>Athenas_PDV_Icon.ico</Icon_MainIcon>
        <UWP_DelphiLogo44>$(BDS)\bin\Artwork\Windows\UWP\delphi_UwpDefault_44.png</UWP_DelphiLogo44>
        <UWP_DelphiLogo150>$(BDS)\bin\Artwork\Windows\UWP\delphi_UwpDefault_150.png</UWP_DelphiLogo150>
    </PropertyGroup>
    <PropertyGroup Condition="'$(Cfg_1)'!=''">
        <DCC_Define>RELEASE;$(DCC_Define)</DCC_Define>
        <DCC_SymbolReferenceInfo>0</DCC_SymbolReferenceInfo>
        <DCC_LocalDebugSymbols>false</DCC_LocalDebugSymbols>
        <DCC_DebugInformation>0</DCC_DebugInformation>
    </PropertyGroup>
    <PropertyGroup Condition="'$(Cfg_1_Win32)'!=''">
        <VerInfo_Build>0</VerInfo_Build>
        <AppEnableRuntimeThemes>true</AppEnableRuntimeThemes>
        <VerInfo_Keys>CompanyName=;FileVersion=7.1.0.0;InternalName=;LegalCopyright=;LegalTrademarks=;OriginalFilename=;ProductVersion=1.0.0.0;Comments=;ProgramID=com.embarcadero.$(MSBuildProjectName);FileDescription=$(MSBuildProjectName);ProductName=$(MSBuildProjectName)</VerInfo_Keys>
        <VerInfo_Locale>1033</VerInfo_Locale>
    </PropertyGroup>
    <PropertyGroup Condition="'$(Cfg_2)'!=''">
        <DCC_Define>DEBUG;$(DCC_Define)</DCC_Define>
        <DCC_Optimize>false</DCC_Optimize>
        <DCC_GenerateStackFrames>true</DCC_GenerateStackFrames>
    </PropertyGroup>
    <PropertyGroup Condition="'$(Cfg_2_Win32)'!=''">
        <VerInfo_MajorVer>11</VerInfo_MajorVer>
        <VerInfo_MinorVer>0</VerInfo_MinorVer>
        <VerInfo_Build>0</VerInfo_Build>
        <AppEnableRuntimeThemes>true</AppEnableRuntimeThemes>
        <VerInfo_Keys>CompanyName=OneMaker 201 - Todos os direitos reservados;FileVersion=11.0.0.0;InternalName=OneMaker PDV SAT;LegalCopyright=OneMaker 2018 - Todos os direitos reservados;LegalTrademarks=;OriginalFilename=;ProductVersion=11.0;Comments=;ProgramID=com.embarcadero.$(MSBuildProjectName);FileDescription=$(MSBuildProjectName);ProductName=$(MSBuildProjectName)</VerInfo_Keys>
        <VerInfo_Locale>1033</VerInfo_Locale>
        <DCC_ExeOutput>C:\OneMaker\PDV\</DCC_ExeOutput>
        <BT_BuildType>Debug</BT_BuildType>
        <DCC_DcuOutput>c:\LixoDCU</DCC_DcuOutput>
    </PropertyGroup>
    <ItemGroup>
        <DelphiCompile Include="$(MainSource)">
            <MainSource>MainSource</MainSource>
        </DelphiCompile>
        <DCCReference Include="principal.pas">
            <Form>frmPrincipal</Form>
        </DCCReference>
        <DCCReference Include="modulo.pas">
            <Form>frmModulo</Form>
            <DesignClass>TDataModule</DesignClass>
        </DCCReference>
        <DCCReference Include="funcoes.pas"/>
        <DCCReference Include="venda.pas">
            <Form>frmVenda</Form>
        </DCCReference>
        <DCCReference Include="mesas.pas">
            <Form>frmMesas</Form>
        </DCCReference>
        <DCCReference Include="VendedorConsulta.pas">
            <Form>frmVendedorConsulta</Form>
        </DCCReference>
        <DCCReference Include="preco_consulta.pas">
            <Form>frmPreco_consulta</Form>
        </DCCReference>
        <DCCReference Include="produto_consulta_normal.pas">
            <Form>frmProduto_consulta_normal</Form>
        </DCCReference>
        <DCCReference Include="protetor_tela.pas">
            <Form>frmProtetor_tela</Form>
        </DCCReference>
        <DCCReference Include="venda_crediario.pas">
            <Form>frmVenda_Crediario</Form>
        </DCCReference>
        <DCCReference Include="Vendedor.pas">
            <Form>frmVendedor</Form>
        </DCCReference>
        <DCCReference Include="UtiSplash.pas">
            <Form>frmUtiSplash</Form>
        </DCCReference>
        <DCCReference Include="unECF.pas"/>
        <DCCReference Include="msg_Operador.pas">
            <Form>frmMsg_Operador</Form>
        </DCCReference>
        <DCCReference Include="Leitura_Memoria_Fiscal.pas">
            <Form>frmLeitura_Memoria_Fiscal</Form>
        </DCCReference>
        <DCCReference Include="Download_MFD.pas">
            <Form>frmDownload_MFD</Form>
        </DCCReference>
        <DCCReference Include="Identifica.pas">
            <Form>frmIdentifica</Form>
        </DCCReference>
        <DCCReference Include="config_ecf.pas">
            <Form>frmConfig_ECF</Form>
        </DCCReference>
        <DCCReference Include="unTEF.pas"/>
        <DCCReference Include="mensagem.pas">
            <Form>frmMensagem</Form>
        </DCCReference>
        <DCCReference Include="TEF_Cancelamento.pas">
            <Form>frmTEF_cancelamento</Form>
        </DCCReference>
        <DCCReference Include="Tef_bandeira.pas">
            <Form>frmTef_Bandeira</Form>
        </DCCReference>
        <DCCReference Include="caixa_fechamento.pas">
            <Form>frmCaixa_Fechamento</Form>
        </DCCReference>
        <DCCReference Include="senha_supervisor.pas">
            <Form>frmSenha_Supervisor</Form>
        </DCCReference>
        <DCCReference Include="suprimento.pas">
            <Form>frmSuprimento</Form>
        </DCCReference>
        <DCCReference Include="sangria.pas">
            <Form>frmSangria</Form>
        </DCCReference>
        <DCCReference Include="menu_cupom.pas">
            <Form>frmCupom_Menu</Form>
        </DCCReference>
        <DCCReference Include="cupom_impressao.pas">
            <Form>frmcupom_impressao</Form>
        </DCCReference>
        <DCCReference Include="MD5.pas"/>
        <DCCReference Include="libeay32.pas"/>
        <DCCReference Include="Orcamento_Abrir.pas">
            <Form>frmOrcamento_Abrir</Form>
        </DCCReference>
        <DCCReference Include="Orcamento_Item.pas">
            <Form>frmOrcamento_Item</Form>
        </DCCReference>
        <DCCReference Include="produto_consulta.pas">
            <Form>frmProduto_consulta</Form>
        </DCCReference>
        <DCCReference Include="Meios_pagamento.pas">
            <Form>frmMeios_Pagamento</Form>
        </DCCReference>
        <DCCReference Include="Arquivo_Fiscal.pas">
            <Form>frmArquivo_Fiscal</Form>
        </DCCReference>
        <DCCReference Include="consulta_estoque.pas">
            <Form>frmConsulta_Estoque</Form>
        </DCCReference>
        <DCCReference Include="menu_fiscal.pas">
            <Form>frmMenu_Fiscal</Form>
        </DCCReference>
        <DCCReference Include="s7\contasreceber.pas">
            <Form>frmcontasreceber</Form>
        </DCCReference>
        <DCCReference Include="s7\contasreceber_boleto_achado.pas">
            <Form>frmcontasreceber_boleto_achado</Form>
        </DCCReference>
        <DCCReference Include="s7\xloc_cliente.pas">
            <Form>frmxloc_cliente</Form>
        </DCCReference>
        <DCCReference Include="s7\contasreceber_pgto.pas">
            <Form>frmcontasreceber_pgto</Form>
        </DCCReference>
        <DCCReference Include="s7\contasreceber_banco.pas">
            <Form>frmContasreceber_banco</Form>
        </DCCReference>
        <DCCReference Include="s7\loc_contacorrent.pas">
            <Form>frmloc_contacorrente</Form>
        </DCCReference>
        <DCCReference Include="s7\extenso1.pas"/>
        <DCCReference Include="pre_venda.pas">
            <Form>frmPre_Venda</Form>
        </DCCReference>
        <DCCReference Include="caixa_abertura.pas">
            <Form>frmCaixa_Abertura</Form>
        </DCCReference>
        <DCCReference Include="notafiscal_menu.pas">
            <Form>frmnotafiscal_menu</Form>
        </DCCReference>
        <DCCReference Include="notafiscal.pas">
            <Form>frmnotafiscal</Form>
        </DCCReference>
        <DCCReference Include="notafiscal_item2.pas">
            <Form>frmNotaFiscal_Item2</Form>
        </DCCReference>
        <DCCReference Include="loc_filial.pas">
            <Form>frmloc_filial</Form>
        </DCCReference>
        <DCCReference Include="loc_cfop.pas">
            <Form>frmloc_cfop</Form>
        </DCCReference>
        <DCCReference Include="xloc_cfop.pas">
            <Form>frmxloc_cfop</Form>
        </DCCReference>
        <DCCReference Include="xloc_servico.pas">
            <Form>frmxloc_servico</Form>
        </DCCReference>
        <DCCReference Include="NotaFiscal_Item_grade.pas">
            <Form>frmNotaFiscal_Item_grade</Form>
        </DCCReference>
        <DCCReference Include="NotaFiscal_Item_Serial.pas">
            <Form>frmNotaFiscal_Item_Serial</Form>
        </DCCReference>
        <DCCReference Include="xloc_cst.pas">
            <Form>frmxloc_cst</Form>
        </DCCReference>
        <DCCReference Include="xloc_produto.pas">
            <Form>frmxloc_produto</Form>
        </DCCReference>
        <DCCReference Include="os.pas">
            <Form>frmOS</Form>
        </DCCReference>
        <DCCReference Include="Lista_DAV.pas">
            <Form>frmLista_DAV</Form>
        </DCCReference>
        <DCCReference Include="tabela_indice.pas">
            <Form>frmTabela_Indice</Form>
        </DCCReference>
        <DCCReference Include="prevenda_conciliar.pas">
            <Form>frmPrevenda_conciliar</Form>
        </DCCReference>
        <DCCReference Include="fabricacao.pas">
            <Form>frmFabricacao</Form>
        </DCCReference>
        <DCCReference Include="config_balanca.pas">
            <Form>frmconfig_balanca</Form>
        </DCCReference>
        <DCCReference Include="Config.pas">
            <Form>frmConfig</Form>
        </DCCReference>
        <DCCReference Include="senha.pas">
            <Form>frmsenha</Form>
        </DCCReference>
        <DCCReference Include="Constantes.pas"/>
        <DCCReference Include="consumidor.pas">
            <Form>frmConsumidor</Form>
        </DCCReference>
        <DCCReference Include="cliente_consulta.pas">
            <Form>frmCliente_consulta</Form>
        </DCCReference>
        <DCCReference Include="UFuncoes.pas"/>
        <DCCReference Include="UImpressao.pas"/>
        <DCCReference Include="xloc_modelo.pas">
            <Form>frmxloc_modelo</Form>
        </DCCReference>
        <DCCReference Include="Comanda.pas">
            <Form>FComanda</Form>
        </DCCReference>
        <DCCReference Include="dllcompanytec.pas"/>
        <DCCReference Include="sobre.pas">
            <Form>Form_sobre</Form>
            <FormType>dfm</FormType>
        </DCCReference>
        <DCCReference Include="ZipNfe.pas">
            <Form>FrmZipNfe</Form>
            <FormType>dfm</FormType>
        </DCCReference>
        <DCCReference Include="Gerador.pas">
            <Form>FrmSat</Form>
            <FormType>dfm</FormType>
        </DCCReference>
        <DCCReference Include="unPdv.pas">
            <Form>frmPdv</Form>
            <FormType>dfm</FormType>
        </DCCReference>
        <DCCReference Include="unVendasSat.pas">
            <Form>frmVendasSat</Form>
            <FormType>dfm</FormType>
        </DCCReference>
        <DCCReference Include="unConfig1.pas">
            <Form>frmConfig1</Form>
            <FormType>dfm</FormType>
        </DCCReference>
        <BuildConfiguration Include="Debug">
            <Key>Cfg_2</Key>
            <CfgParent>Base</CfgParent>
        </BuildConfiguration>
        <BuildConfiguration Include="Base">
            <Key>Base</Key>
        </BuildConfiguration>
        <BuildConfiguration Include="Release">
            <Key>Cfg_1</Key>
            <CfgParent>Base</CfgParent>
        </BuildConfiguration>
    </ItemGroup>
    <ItemGroup>
        <Reference Include="C:\iCloud\PDV\companytec.dll">
            <ContainerId>File</ContainerId>
            <AssemblyName/>
            <HintPath>C:\iCloud\PDV\companytec.dll</HintPath>
            <AssemblyTag>C:\iCloud\PDV\companytec.dll</AssemblyTag>
        </Reference>
    </ItemGroup>
    <ProjectExtensions>
        <Borland.Personality>Delphi.Personality.12</Borland.Personality>
        <Borland.ProjectType/>
        <BorlandProject>
            <Delphi.Personality>
                <Source>
                    <Source Name="MainSource">OneMaker_PDV.SAT.dpr</Source>
                </Source>
                <Excluded_Packages>
                    <Excluded_Packages Name="$(BDSBIN)\dcloffice2k250.bpl">Microsoft Office 2000 Sample Automation Server Wrapper Components</Excluded_Packages>
                </Excluded_Packages>
            </Delphi.Personality>
            <Platforms>
                <Platform value="Win32">True</Platform>
                <Platform value="Win64">False</Platform>
            </Platforms>
            <Deployment Version="3">
                <DeployFile LocalName="C:\iCloud\PDV\companytec.dll" Configuration="Debug" Class="ProjectFile"/>
                <DeployFile LocalName="C:\Store_Protheus\PDV\store_protheus_pdv_sat.exe" Configuration="Debug" Class="ProjectOutput"/>
                <DeployFile LocalName="C:\iCloud\PDV\companytec.dll" Configuration="Debug" Class="ProjectFile">
                    <Platform Name="Win32">
                        <RemoteDir>.\</RemoteDir>
                        <Overwrite>true</Overwrite>
                    </Platform>
                </DeployFile>
                <DeployFile LocalName="C:\Kophex\Toth\PDV\OneMaker_PDV.SAT.exe" Configuration="Debug" Class="ProjectOutput">
                    <Platform Name="Win32">
                        <RemoteName>OneMaker_PDV_SAT.exe</RemoteName>
                        <Overwrite>true</Overwrite>
                    </Platform>
                </DeployFile>
                <DeployClass Name="AdditionalDebugSymbols">
                    <Platform Name="iOSSimulator">
                        <Operation>1</Operation>
                    </Platform>
                    <Platform Name="OSX32">
                        <RemoteDir>Contents\MacOS</RemoteDir>
                        <Operation>1</Operation>
                    </Platform>
                    <Platform Name="Win32">
                        <RemoteDir>Contents\MacOS</RemoteDir>
                        <Operation>0</Operation>
                    </Platform>
                </DeployClass>
                <DeployClass Name="AndroidClassesDexFile">
                    <Platform Name="Android">
                        <RemoteDir>classes</RemoteDir>
                        <Operation>1</Operation>
                    </Platform>
                </DeployClass>
                <DeployClass Name="AndroidGDBServer">
                    <Platform Name="Android">
                        <RemoteDir>library\lib\armeabi-v7a</RemoteDir>
                        <Operation>1</Operation>
                    </Platform>
                </DeployClass>
                <DeployClass Name="AndroidLibnativeArmeabiFile">
                    <Platform Name="Android">
                        <RemoteDir>library\lib\armeabi</RemoteDir>
                        <Operation>1</Operation>
                    </Platform>
                </DeployClass>
                <DeployClass Name="AndroidLibnativeMipsFile">
                    <Platform Name="Android">
                        <RemoteDir>library\lib\mips</RemoteDir>
                        <Operation>1</Operation>
                    </Platform>
                </DeployClass>
                <DeployClass Name="AndroidServiceOutput">
                    <Platform Name="Android">
                        <RemoteDir>library\lib\armeabi-v7a</RemoteDir>
                        <Operation>1</Operation>
                    </Platform>
                </DeployClass>
                <DeployClass Name="AndroidSplashImageDef">
                    <Platform Name="Android">
                        <RemoteDir>res\drawable</RemoteDir>
                        <Operation>1</Operation>
                    </Platform>
                </DeployClass>
                <DeployClass Name="AndroidSplashStyles">
                    <Platform Name="Android">
                        <RemoteDir>res\values</RemoteDir>
                        <Operation>1</Operation>
                    </Platform>
                </DeployClass>
                <DeployClass Name="Android_DefaultAppIcon">
                    <Platform Name="Android">
                        <RemoteDir>res\drawable</RemoteDir>
                        <Operation>1</Operation>
                    </Platform>
                </DeployClass>
                <DeployClass Name="Android_LauncherIcon144">
                    <Platform Name="Android">
                        <RemoteDir>res\drawable-xxhdpi</RemoteDir>
                        <Operation>1</Operation>
                    </Platform>
                </DeployClass>
                <DeployClass Name="Android_LauncherIcon36">
                    <Platform Name="Android">
                        <RemoteDir>res\drawable-ldpi</RemoteDir>
                        <Operation>1</Operation>
                    </Platform>
                </DeployClass>
                <DeployClass Name="Android_LauncherIcon48">
                    <Platform Name="Android">
                        <RemoteDir>res\drawable-mdpi</RemoteDir>
                        <Operation>1</Operation>
                    </Platform>
                </DeployClass>
                <DeployClass Name="Android_LauncherIcon72">
                    <Platform Name="Android">
                        <RemoteDir>res\drawable-hdpi</RemoteDir>
                        <Operation>1</Operation>
                    </Platform>
                </DeployClass>
                <DeployClass Name="Android_LauncherIcon96">
                    <Platform Name="Android">
                        <RemoteDir>res\drawable-xhdpi</RemoteDir>
                        <Operation>1</Operation>
                    </Platform>
                </DeployClass>
                <DeployClass Name="Android_SplashImage426">
                    <Platform Name="Android">
                        <RemoteDir>res\drawable-small</RemoteDir>
                        <Operation>1</Operation>
                    </Platform>
                </DeployClass>
                <DeployClass Name="Android_SplashImage470">
                    <Platform Name="Android">
                        <RemoteDir>res\drawable-normal</RemoteDir>
                        <Operation>1</Operation>
                    </Platform>
                </DeployClass>
                <DeployClass Name="Android_SplashImage640">
                    <Platform Name="Android">
                        <RemoteDir>res\drawable-large</RemoteDir>
                        <Operation>1</Operation>
                    </Platform>
                </DeployClass>
                <DeployClass Name="Android_SplashImage960">
                    <Platform Name="Android">
                        <RemoteDir>res\drawable-xlarge</RemoteDir>
                        <Operation>1</Operation>
                    </Platform>
                </DeployClass>
                <DeployClass Name="DebugSymbols">
                    <Platform Name="iOSSimulator">
                        <Operation>1</Operation>
                    </Platform>
                    <Platform Name="OSX32">
                        <RemoteDir>Contents\MacOS</RemoteDir>
                        <Operation>1</Operation>
                    </Platform>
                    <Platform Name="Win32">
                        <Operation>0</Operation>
                    </Platform>
                </DeployClass>
                <DeployClass Name="DependencyFramework">
                    <Platform Name="OSX32">
                        <RemoteDir>Contents\MacOS</RemoteDir>
                        <Operation>1</Operation>
                        <Extensions>.framework</Extensions>
                    </Platform>
                    <Platform Name="Win32">
                        <Operation>0</Operation>
                    </Platform>
                </DeployClass>
                <DeployClass Name="DependencyModule">
                    <Platform Name="iOSDevice32">
                        <Operation>1</Operation>
                        <Extensions>.dylib</Extensions>
                    </Platform>
                    <Platform Name="iOSDevice64">
                        <Operation>1</Operation>
                        <Extensions>.dylib</Extensions>
                    </Platform>
                    <Platform Name="iOSSimulator">
                        <Operation>1</Operation>
                        <Extensions>.dylib</Extensions>
                    </Platform>
                    <Platform Name="OSX32">
                        <RemoteDir>Contents\MacOS</RemoteDir>
                        <Operation>1</Operation>
                        <Extensions>.dylib</Extensions>
                    </Platform>
                    <Platform Name="Win32">
                        <Operation>0</Operation>
                        <Extensions>.dll;.bpl</Extensions>
                    </Platform>
                </DeployClass>
                <DeployClass Required="true" Name="DependencyPackage">
                    <Platform Name="iOSDevice32">
                        <Operation>1</Operation>
                        <Extensions>.dylib</Extensions>
                    </Platform>
                    <Platform Name="iOSDevice64">
                        <Operation>1</Operation>
                        <Extensions>.dylib</Extensions>
                    </Platform>
                    <Platform Name="iOSSimulator">
                        <Operation>1</Operation>
                        <Extensions>.dylib</Extensions>
                    </Platform>
                    <Platform Name="OSX32">
                        <RemoteDir>Contents\MacOS</RemoteDir>
                        <Operation>1</Operation>
                        <Extensions>.dylib</Extensions>
                    </Platform>
                    <Platform Name="Win32">
                        <Operation>0</Operation>
                        <Extensions>.bpl</Extensions>
                    </Platform>
                </DeployClass>
                <DeployClass Name="File">
                    <Platform Name="Android">
                        <Operation>0</Operation>
                    </Platform>
                    <Platform Name="iOSDevice32">
                        <Operation>0</Operation>
                    </Platform>
                    <Platform Name="iOSDevice64">
                        <Operation>0</Operation>
                    </Platform>
                    <Platform Name="iOSSimulator">
                        <Operation>0</Operation>
                    </Platform>
                    <Platform Name="OSX32">
                        <RemoteDir>Contents\Resources\StartUp\</RemoteDir>
                        <Operation>0</Operation>
                    </Platform>
                    <Platform Name="Win32">
                        <Operation>0</Operation>
                    </Platform>
                </DeployClass>
                <DeployClass Name="iPad_Launch1024">
                    <Platform Name="iOSDevice32">
                        <Operation>1</Operation>
                    </Platform>
                    <Platform Name="iOSDevice64">
                        <Operation>1</Operation>
                    </Platform>
                    <Platform Name="iOSSimulator">
                        <Operation>1</Operation>
                    </Platform>
                </DeployClass>
                <DeployClass Name="iPad_Launch1536">
                    <Platform Name="iOSDevice32">
                        <Operation>1</Operation>
                    </Platform>
                    <Platform Name="iOSDevice64">
                        <Operation>1</Operation>
                    </Platform>
                    <Platform Name="iOSSimulator">
                        <Operation>1</Operation>
                    </Platform>
                </DeployClass>
                <DeployClass Name="iPad_Launch2048">
                    <Platform Name="iOSDevice32">
                        <Operation>1</Operation>
                    </Platform>
                    <Platform Name="iOSDevice64">
                        <Operation>1</Operation>
                    </Platform>
                    <Platform Name="iOSSimulator">
                        <Operation>1</Operation>
                    </Platform>
                </DeployClass>
                <DeployClass Name="iPad_Launch768">
                    <Platform Name="iOSDevice32">
                        <Operation>1</Operation>
                    </Platform>
                    <Platform Name="iOSDevice64">
                        <Operation>1</Operation>
                    </Platform>
                    <Platform Name="iOSSimulator">
                        <Operation>1</Operation>
                    </Platform>
                </DeployClass>
                <DeployClass Name="iPhone_Launch320">
                    <Platform Name="iOSDevice32">
                        <Operation>1</Operation>
                    </Platform>
                    <Platform Name="iOSDevice64">
                        <Operation>1</Operation>
                    </Platform>
                    <Platform Name="iOSSimulator">
                        <Operation>1</Operation>
                    </Platform>
                </DeployClass>
                <DeployClass Name="iPhone_Launch640">
                    <Platform Name="iOSDevice32">
                        <Operation>1</Operation>
                    </Platform>
                    <Platform Name="iOSDevice64">
                        <Operation>1</Operation>
                    </Platform>
                    <Platform Name="iOSSimulator">
                        <Operation>1</Operation>
                    </Platform>
                </DeployClass>
                <DeployClass Name="iPhone_Launch640x1136">
                    <Platform Name="iOSDevice32">
                        <Operation>1</Operation>
                    </Platform>
                    <Platform Name="iOSDevice64">
                        <Operation>1</Operation>
                    </Platform>
                    <Platform Name="iOSSimulator">
                        <Operation>1</Operation>
                    </Platform>
                </DeployClass>
                <DeployClass Name="ProjectAndroidManifest">
                    <Platform Name="Android">
                        <Operation>1</Operation>
                    </Platform>
                </DeployClass>
                <DeployClass Name="ProjectiOSDeviceDebug">
                    <Platform Name="iOSDevice32">
                        <RemoteDir>..\$(PROJECTNAME).app.dSYM\Contents\Resources\DWARF</RemoteDir>
                        <Operation>1</Operation>
                    </Platform>
                    <Platform Name="iOSDevice64">
                        <RemoteDir>..\$(PROJECTNAME).app.dSYM\Contents\Resources\DWARF</RemoteDir>
                        <Operation>1</Operation>
                    </Platform>
                </DeployClass>
                <DeployClass Name="ProjectiOSDeviceResourceRules">
                    <Platform Name="iOSDevice32">
                        <Operation>1</Operation>
                    </Platform>
                    <Platform Name="iOSDevice64">
                        <Operation>1</Operation>
                    </Platform>
                </DeployClass>
                <DeployClass Name="ProjectiOSEntitlements">
                    <Platform Name="iOSDevice32">
                        <RemoteDir>..\</RemoteDir>
                        <Operation>1</Operation>
                    </Platform>
                    <Platform Name="iOSDevice64">
                        <RemoteDir>..\</RemoteDir>
                        <Operation>1</Operation>
                    </Platform>
                </DeployClass>
                <DeployClass Name="ProjectiOSInfoPList">
                    <Platform Name="iOSDevice32">
                        <Operation>1</Operation>
                    </Platform>
                    <Platform Name="iOSDevice64">
                        <Operation>1</Operation>
                    </Platform>
                    <Platform Name="iOSSimulator">
                        <Operation>1</Operation>
                    </Platform>
                </DeployClass>
                <DeployClass Name="ProjectiOSResource">
                    <Platform Name="iOSDevice32">
                        <Operation>1</Operation>
                    </Platform>
                    <Platform Name="iOSDevice64">
                        <Operation>1</Operation>
                    </Platform>
                    <Platform Name="iOSSimulator">
                        <Operation>1</Operation>
                    </Platform>
                </DeployClass>
                <DeployClass Name="ProjectOSXEntitlements">
                    <Platform Name="OSX32">
                        <RemoteDir>..\</RemoteDir>
                        <Operation>1</Operation>
                    </Platform>
                </DeployClass>
                <DeployClass Name="ProjectOSXInfoPList">
                    <Platform Name="OSX32">
                        <RemoteDir>Contents</RemoteDir>
                        <Operation>1</Operation>
                    </Platform>
                </DeployClass>
                <DeployClass Name="ProjectOSXResource">
                    <Platform Name="OSX32">
                        <RemoteDir>Contents\Resources</RemoteDir>
                        <Operation>1</Operation>
                    </Platform>
                </DeployClass>
                <DeployClass Required="true" Name="ProjectOutput">
                    <Platform Name="Android">
                        <RemoteDir>library\lib\armeabi-v7a</RemoteDir>
                        <Operation>1</Operation>
                    </Platform>
                    <Platform Name="iOSDevice32">
                        <Operation>1</Operation>
                    </Platform>
                    <Platform Name="iOSDevice64">
                        <Operation>1</Operation>
                    </Platform>
                    <Platform Name="iOSSimulator">
                        <Operation>1</Operation>
                    </Platform>
                    <Platform Name="Linux64">
                        <Operation>1</Operation>
                    </Platform>
                    <Platform Name="OSX32">
                        <RemoteDir>Contents\MacOS</RemoteDir>
                        <Operation>1</Operation>
                    </Platform>
                    <Platform Name="Win32">
                        <Operation>0</Operation>
                    </Platform>
                </DeployClass>
                <DeployClass Name="ProjectUWPManifest">
                    <Platform Name="Win32">
                        <Operation>1</Operation>
                    </Platform>
                    <Platform Name="Win64">
                        <Operation>1</Operation>
                    </Platform>
                </DeployClass>
                <DeployClass Name="UWP_DelphiLogo150">
                    <Platform Name="Win32">
                        <RemoteDir>Assets</RemoteDir>
                        <Operation>1</Operation>
                    </Platform>
                    <Platform Name="Win64">
                        <RemoteDir>Assets</RemoteDir>
                        <Operation>1</Operation>
                    </Platform>
                </DeployClass>
                <DeployClass Name="UWP_DelphiLogo44">
                    <Platform Name="Win32">
                        <RemoteDir>Assets</RemoteDir>
                        <Operation>1</Operation>
                    </Platform>
                    <Platform Name="Win64">
                        <RemoteDir>Assets</RemoteDir>
                        <Operation>1</Operation>
                    </Platform>
                </DeployClass>
                <ProjectRoot Platform="iOSDevice64" Name="$(PROJECTNAME).app"/>
                <ProjectRoot Platform="Win64" Name="$(PROJECTNAME)"/>
                <ProjectRoot Platform="iOSDevice32" Name="$(PROJECTNAME).app"/>
                <ProjectRoot Platform="Win32" Name="$(PROJECTNAME)"/>
                <ProjectRoot Platform="Linux64" Name="$(PROJECTNAME)"/>
                <ProjectRoot Platform="OSX32" Name="$(PROJECTNAME).app"/>
                <ProjectRoot Platform="Android" Name="$(PROJECTNAME)"/>
                <ProjectRoot Platform="iOSSimulator" Name="$(PROJECTNAME).app"/>
            </Deployment>
        </BorlandProject>
        <ProjectFileVersion>12</ProjectFileVersion>
    </ProjectExtensions>
    <Import Project="$(BDS)\Bin\CodeGear.Delphi.Targets" Condition="Exists('$(BDS)\Bin\CodeGear.Delphi.Targets')"/>
    <Import Project="$(APPDATA)\Embarcadero\$(BDSAPPDATABASEDIR)\$(PRODUCTVERSION)\UserTools.proj" Condition="Exists('$(APPDATA)\Embarcadero\$(BDSAPPDATABASEDIR)\$(PRODUCTVERSION)\UserTools.proj')"/>
    <Import Project="$(MSBuildProjectName).deployproj" Condition="Exists('$(MSBuildProjectName).deployproj')"/>
</Project>
